{
  "name": "zcjs-master",
  "lockfileVersion": 2,
  "requires": true,
  "packages": {
    "": {
      "dependencies": {
        "csv": "^6.2.4",
        "xhr2": "^0.2.1",
        "xmlhttprequest": "^1.8.0"
      }
    },
    "node_modules/csv": {
      "version": "6.2.4",
      "resolved": "https://registry.npmjs.org/csv/-/csv-6.2.4.tgz",
      "integrity": "sha512-fMaVCfUx/T4CyGBnTCymYj4Hh+Fv8eOvgkfL3repnTuOY8VhNPhc3FZyFPjgCI/HiSN9iHJzr9dVGdQyWpA+RQ==",
      "dependencies": {
        "csv-generate": "^4.2.1",
        "csv-parse": "^5.3.3",
        "csv-stringify": "^6.2.2",
        "stream-transform": "^3.2.1"
      },
      "engines": {
        "node": ">= 0.1.90"
      }
    },
    "node_modules/csv-generate": {
      "version": "4.2.1",
      "resolved": "https://registry.npmjs.org/csv-generate/-/csv-generate-4.2.1.tgz",
      "integrity": "sha512-w6GFHjvApv6bcJ2xdi9JGsH6ZvUBfC+vUdfefnEzurXG6hMRwzkBLnhztU2H7v7+zfCk1I/knnQ+tGbgpxWrBw=="
    },
    "node_modules/csv-parse": {
      "version": "5.3.3",
      "resolved": "https://registry.npmjs.org/csv-parse/-/csv-parse-5.3.3.tgz",
      "integrity": "sha512-kEWkAPleNEdhFNkHQpFHu9RYPogsFj3dx6bCxL847fsiLgidzWg0z/O0B1kVWMJUc5ky64zGp18LX2T3DQrOfw=="
    },
    "node_modules/csv-stringify": {
      "version": "6.2.2",
      "resolved": "https://registry.npmjs.org/csv-stringify/-/csv-stringify-6.2.2.tgz",
      "integrity": "sha512-spGNdHxkAgoKk9ChAIR/k8JSFmvAyUQvODPUss5Djqgm/wBuU9qBRuGZ04LTAsGGnClQ8hD4TFz+hbBf1gpTMg=="
    },
    "node_modules/stream-transform": {
      "version": "3.2.1",
      "resolved": "https://registry.npmjs.org/stream-transform/-/stream-transform-3.2.1.tgz",
      "integrity": "sha512-ApK+WTJ5bCOf0A2tlec1qhvr8bGEBM/sgXXB7mysdCYgZJO5DZeaV3h3G+g0HnAQ372P5IhiGqnW29zoLOfTzQ=="
    },
    "node_modules/xhr2": {
      "version": "0.2.1",
      "resolved": "https://registry.npmjs.org/xhr2/-/xhr2-0.2.1.tgz",
      "integrity": "sha512-sID0rrVCqkVNUn8t6xuv9+6FViXjUVXq8H5rWOH2rz9fDNQEd4g0EA2XlcEdJXRz5BMEn4O1pJFdT+z4YHhoWw==",
      "engines": {
        "node": ">= 6"
      }
    },
    "node_modules/xmlhttprequest": {
      "version": "1.8.0",
      "resolved": "https://registry.npmjs.org/xmlhttprequest/-/xmlhttprequest-1.8.0.tgz",
      "integrity": "sha512-58Im/U0mlVBLM38NdZjHyhuMtCqa61469k2YP/AaPbvCoV9aQGUpbJBj1QRm2ytRiVQBD/fsw7L2bJGDVQswBA==",
      "engines": {
        "node": ">=0.4.0"
      }
    }
  },
  "dependencies": {
    "csv": {
      "version": "6.2.4",
      "resolved": "https://registry.npmjs.org/csv/-/csv-6.2.4.tgz",
      "integrity": "sha512-fMaVCfUx/T4CyGBnTCymYj4Hh+Fv8eOvgkfL3repnTuOY8VhNPhc3FZyFPjgCI/HiSN9iHJzr9dVGdQyWpA+RQ==",
      "requires": {
        "csv-generate": "^4.2.1",
        "csv-parse": "^5.3.3",
        "csv-stringify": "^6.2.2",
        "stream-transform": "^3.2.1"
      }
    },
    "csv-generate": {
      "version": "4.2.1",
      "resolved": "https://registry.npmjs.org/csv-generate/-/csv-generate-4.2.1.tgz",
      "integrity": "sha512-w6GFHjvApv6bcJ2xdi9JGsH6ZvUBfC+vUdfefnEzurXG6hMRwzkBLnhztU2H7v7+zfCk1I/knnQ+tGbgpxWrBw=="
    },
    "csv-parse": {
      "version": "5.3.3",
      "resolved": "https://registry.npmjs.org/csv-parse/-/csv-parse-5.3.3.tgz",
      "integrity": "sha512-kEWkAPleNEdhFNkHQpFHu9RYPogsFj3dx6bCxL847fsiLgidzWg0z/O0B1kVWMJUc5ky64zGp18LX2T3DQrOfw=="
    },
    "csv-stringify": {
      "version": "6.2.2",
      "resolved": "https://registry.npmjs.org/csv-stringify/-/csv-stringify-6.2.2.tgz",
      "integrity": "sha512-spGNdHxkAgoKk9ChAIR/k8JSFmvAyUQvODPUss5Djqgm/wBuU9qBRuGZ04LTAsGGnClQ8hD4TFz+hbBf1gpTMg=="
    },
    "stream-transform": {
      "version": "3.2.1",
      "resolved": "https://registry.npmjs.org/stream-transform/-/stream-transform-3.2.1.tgz",
      "integrity": "sha512-ApK+WTJ5bCOf0A2tlec1qhvr8bGEBM/sgXXB7mysdCYgZJO5DZeaV3h3G+g0HnAQ372P5IhiGqnW29zoLOfTzQ=="
    },
    "xhr2": {
      "version": "0.2.1",
      "resolved": "https://registry.npmjs.org/xhr2/-/xhr2-0.2.1.tgz",
      "integrity": "sha512-sID0rrVCqkVNUn8t6xuv9+6FViXjUVXq8H5rWOH2rz9fDNQEd4g0EA2XlcEdJXRz5BMEn4O1pJFdT+z4YHhoWw=="
    },
    "xmlhttprequest": {
      "version": "1.8.0",
      "resolved": "https://registry.npmjs.org/xmlhttprequest/-/xmlhttprequest-1.8.0.tgz",
      "integrity": "sha512-58Im/U0mlVBLM38NdZjHyhuMtCqa61469k2YP/AaPbvCoV9aQGUpbJBj1QRm2ytRiVQBD/fsw7L2bJGDVQswBA=="
    }
  }
}
